
Microsoft Visual Studio Solution File, Format Version 12.00
# Visual Studio 15
VisualStudioVersion = 15.0.27703.2047
MinimumVisualStudioVersion = 10.0.40219.1
Project("{FAE04EC0-301F-11D3-BF4B-00C04F79EFBC}") = "AspNet.Capitulo01.Variaveis", "ImpactaAspNet.Capitulo01.Variaveis\AspNet.Capitulo01.Variaveis.csproj", "{AF19A4A5-9EC8-4675-8C57-31146ACC7B99}"
EndProject
Project("{FAE04EC0-301F-11D3-BF4B-00C04F79EFBC}") = "AspNet.Capitulo01.Troco", "AspNet.Capitulo01.Troco\AspNet.Capitulo01.Troco.csproj", "{1E6E7B2F-C016-4EC5-A1D5-DFFB4D2CA5D5}"
EndProject
Project("{FAE04EC0-301F-11D3-BF4B-00C04F79EFBC}") = "AspNet.Capitulo01.Frete", "AspNet.Capitulo01.Frete\AspNet.Capitulo01.Frete.csproj", "{4A0C6C4D-F673-4982-9C06-C39B82EAF1FA}"
EndProject
Project("{FAE04EC0-301F-11D3-BF4B-00C04F79EFBC}") = "AspNet.Capitulo01.Repeticao.Testes", "AspNet.Capitulo01.Repeticao.Testes\AspNet.Capitulo01.Repeticao.Testes.csproj", "{503827C9-D034-45D1-94FA-DD02D0347020}"
EndProject
Project("{FAE04EC0-301F-11D3-BF4B-00C04F79EFBC}") = "AspNet.Capitulo01.VetoresColecoes.Testes", "AspNet.Capitulo01.VetoresColecoes.Testes\AspNet.Capitulo01.VetoresColecoes.Testes.csproj", "{9A9B1A04-45C4-46FB-B845-837814897366}"
EndProject
Project("{FAE04EC0-301F-11D3-BF4B-00C04F79EFBC}") = "AspNet.Capitulo03.Portfolio", "AspNet.Capitulo03.Portfolio\AspNet.Capitulo03.Portfolio.csproj", "{555ED67C-BEC4-4B23-8A2A-C5414E2E168D}"
EndProject
Project("{2150E333-8FDC-42A3-9474-1A3956D46DE8}") = "Pessoal", "Pessoal", "{F8AA1500-AF95-4D4F-9B70-E768614CCA49}"
EndProject
Project("{9A19103F-16F7-4668-BE54-9A1E7A4F7556}") = "Pessoal.Mvc", "Pessoal.Mvc\Pessoal.Mvc.csproj", "{6ECF70F5-FE99-4F43-9BD7-DF1D2F157875}"
EndProject
Project("{2150E333-8FDC-42A3-9474-1A3956D46DE8}") = "Portfolio", "Portfolio", "{D2112423-DACC-4B24-8DAE-6039EA10950C}"
EndProject
Project("{00D1A9C2-B5F0-4AF3-8072-F6C62B433612}") = "Portfolio.Database.SqlServer", "Portfolio.Database.SqlServer\Portfolio.Database.SqlServer.sqlproj", "{6011634C-ED27-4F6A-A585-704FD6DF0E4F}"
EndProject
Project("{2150E333-8FDC-42A3-9474-1A3956D46DE8}") = "Revisao", "Revisao", "{A245ED2C-CE38-45CB-BBE4-838666122419}"
EndProject
Project("{2150E333-8FDC-42A3-9474-1A3956D46DE8}") = "WindowsForm", "WindowsForm", "{7E54F44D-E624-40A1-BC0E-A94DD37B5AED}"
EndProject
Project("{2150E333-8FDC-42A3-9474-1A3956D46DE8}") = "Loja", "Loja", "{AC06ADE8-E20E-4162-A9EA-9CE93C074CBA}"
EndProject
Project("{FAE04EC0-301F-11D3-BF4B-00C04F79EFBC}") = "Loja.Dominio", "Loja.Dominio\Loja.Dominio.csproj", "{73C0CC86-F938-4E9E-9D0A-9C166BA32CD6}"
EndProject
Project("{FAE04EC0-301F-11D3-BF4B-00C04F79EFBC}") = "Loja.Repositorio.SqlServer", "Loja.Repositorio.SqlServer\Loja.Repositorio.SqlServer.csproj", "{BCAA3170-2B06-4521-84E6-B7B81F0D3F40}"
EndProject
Project("{9A19103F-16F7-4668-BE54-9A1E7A4F7556}") = "Pessoal.Dominio", "Pessoal.Dominio\Pessoal.Dominio.csproj", "{8462D1FE-AC2D-4CD5-8105-AE747BB0E56C}"
EndProject
Project("{9A19103F-16F7-4668-BE54-9A1E7A4F7556}") = "Pessoal.Repositorios.SqlServer", "Pessoal.Repositorios.SqlServer\Pessoal.Repositorios.SqlServer.csproj", "{7A7E43F9-04BC-400B-8169-7F86035D1168}"
EndProject
Project("{9A19103F-16F7-4668-BE54-9A1E7A4F7556}") = "Pessoal.Repositorios.SqlServer.Testes", "Pessoal.Repositorios.SqlServer.Testes\Pessoal.Repositorios.SqlServer.Testes.csproj", "{BD35F180-AA51-412C-97E2-A695C09D18F3}"
EndProject
Project("{00D1A9C2-B5F0-4AF3-8072-F6C62B433612}") = "Pessoal.Database.SqlServer", "Pessoal.Database.SqlServer\Pessoal.Database.SqlServer.sqlproj", "{0F6EFFA5-9193-49F1-B8D7-0AE71DE76923}"
EndProject
Project("{FAE04EC0-301F-11D3-BF4B-00C04F79EFBC}") = "Loja.Mvc", "Loja.Mvc\Loja.Mvc.csproj", "{CBD3B7CA-8E1C-4817-8FB9-341054D84862}"
EndProject
Project("{FAE04EC0-301F-11D3-BF4B-00C04F79EFBC}") = "Loja.Repositorios.SqlServerTests", "Loja.Repositorios.SqlServerTests\Loja.Repositorios.SqlServerTests.csproj", "{E5C64271-B485-4ED9-ADE7-85830B06043D}"
EndProject
Global
	GlobalSection(SolutionConfigurationPlatforms) = preSolution
		Debug|Any CPU = Debug|Any CPU
		Release|Any CPU = Release|Any CPU
	EndGlobalSection
	GlobalSection(ProjectConfigurationPlatforms) = postSolution
		{AF19A4A5-9EC8-4675-8C57-31146ACC7B99}.Debug|Any CPU.ActiveCfg = Debug|Any CPU
		{AF19A4A5-9EC8-4675-8C57-31146ACC7B99}.Debug|Any CPU.Build.0 = Debug|Any CPU
		{AF19A4A5-9EC8-4675-8C57-31146ACC7B99}.Release|Any CPU.ActiveCfg = Release|Any CPU
		{AF19A4A5-9EC8-4675-8C57-31146ACC7B99}.Release|Any CPU.Build.0 = Release|Any CPU
		{1E6E7B2F-C016-4EC5-A1D5-DFFB4D2CA5D5}.Debug|Any CPU.ActiveCfg = Debug|Any CPU
		{1E6E7B2F-C016-4EC5-A1D5-DFFB4D2CA5D5}.Debug|Any CPU.Build.0 = Debug|Any CPU
		{1E6E7B2F-C016-4EC5-A1D5-DFFB4D2CA5D5}.Release|Any CPU.ActiveCfg = Release|Any CPU
		{1E6E7B2F-C016-4EC5-A1D5-DFFB4D2CA5D5}.Release|Any CPU.Build.0 = Release|Any CPU
		{4A0C6C4D-F673-4982-9C06-C39B82EAF1FA}.Debug|Any CPU.ActiveCfg = Debug|Any CPU
		{4A0C6C4D-F673-4982-9C06-C39B82EAF1FA}.Debug|Any CPU.Build.0 = Debug|Any CPU
		{4A0C6C4D-F673-4982-9C06-C39B82EAF1FA}.Release|Any CPU.ActiveCfg = Release|Any CPU
		{4A0C6C4D-F673-4982-9C06-C39B82EAF1FA}.Release|Any CPU.Build.0 = Release|Any CPU
		{503827C9-D034-45D1-94FA-DD02D0347020}.Debug|Any CPU.ActiveCfg = Debug|Any CPU
		{503827C9-D034-45D1-94FA-DD02D0347020}.Debug|Any CPU.Build.0 = Debug|Any CPU
		{503827C9-D034-45D1-94FA-DD02D0347020}.Release|Any CPU.ActiveCfg = Release|Any CPU
		{503827C9-D034-45D1-94FA-DD02D0347020}.Release|Any CPU.Build.0 = Release|Any CPU
		{9A9B1A04-45C4-46FB-B845-837814897366}.Debug|Any CPU.ActiveCfg = Debug|Any CPU
		{9A9B1A04-45C4-46FB-B845-837814897366}.Debug|Any CPU.Build.0 = Debug|Any CPU
		{9A9B1A04-45C4-46FB-B845-837814897366}.Release|Any CPU.ActiveCfg = Release|Any CPU
		{9A9B1A04-45C4-46FB-B845-837814897366}.Release|Any CPU.Build.0 = Release|Any CPU
		{555ED67C-BEC4-4B23-8A2A-C5414E2E168D}.Debug|Any CPU.ActiveCfg = Debug|Any CPU
		{555ED67C-BEC4-4B23-8A2A-C5414E2E168D}.Debug|Any CPU.Build.0 = Debug|Any CPU
		{555ED67C-BEC4-4B23-8A2A-C5414E2E168D}.Release|Any CPU.ActiveCfg = Release|Any CPU
		{555ED67C-BEC4-4B23-8A2A-C5414E2E168D}.Release|Any CPU.Build.0 = Release|Any CPU
		{6ECF70F5-FE99-4F43-9BD7-DF1D2F157875}.Debug|Any CPU.ActiveCfg = Debug|Any CPU
		{6ECF70F5-FE99-4F43-9BD7-DF1D2F157875}.Debug|Any CPU.Build.0 = Debug|Any CPU
		{6ECF70F5-FE99-4F43-9BD7-DF1D2F157875}.Release|Any CPU.ActiveCfg = Release|Any CPU
		{6ECF70F5-FE99-4F43-9BD7-DF1D2F157875}.Release|Any CPU.Build.0 = Release|Any CPU
		{6011634C-ED27-4F6A-A585-704FD6DF0E4F}.Debug|Any CPU.ActiveCfg = Debug|Any CPU
		{6011634C-ED27-4F6A-A585-704FD6DF0E4F}.Debug|Any CPU.Build.0 = Debug|Any CPU
		{6011634C-ED27-4F6A-A585-704FD6DF0E4F}.Debug|Any CPU.Deploy.0 = Debug|Any CPU
		{6011634C-ED27-4F6A-A585-704FD6DF0E4F}.Release|Any CPU.ActiveCfg = Release|Any CPU
		{6011634C-ED27-4F6A-A585-704FD6DF0E4F}.Release|Any CPU.Build.0 = Release|Any CPU
		{6011634C-ED27-4F6A-A585-704FD6DF0E4F}.Release|Any CPU.Deploy.0 = Release|Any CPU
		{73C0CC86-F938-4E9E-9D0A-9C166BA32CD6}.Debug|Any CPU.ActiveCfg = Debug|Any CPU
		{73C0CC86-F938-4E9E-9D0A-9C166BA32CD6}.Debug|Any CPU.Build.0 = Debug|Any CPU
		{73C0CC86-F938-4E9E-9D0A-9C166BA32CD6}.Release|Any CPU.ActiveCfg = Release|Any CPU
		{73C0CC86-F938-4E9E-9D0A-9C166BA32CD6}.Release|Any CPU.Build.0 = Release|Any CPU
		{BCAA3170-2B06-4521-84E6-B7B81F0D3F40}.Debug|Any CPU.ActiveCfg = Debug|Any CPU
		{BCAA3170-2B06-4521-84E6-B7B81F0D3F40}.Debug|Any CPU.Build.0 = Debug|Any CPU
		{BCAA3170-2B06-4521-84E6-B7B81F0D3F40}.Release|Any CPU.ActiveCfg = Release|Any CPU
		{BCAA3170-2B06-4521-84E6-B7B81F0D3F40}.Release|Any CPU.Build.0 = Release|Any CPU
		{8462D1FE-AC2D-4CD5-8105-AE747BB0E56C}.Debug|Any CPU.ActiveCfg = Debug|Any CPU
		{8462D1FE-AC2D-4CD5-8105-AE747BB0E56C}.Debug|Any CPU.Build.0 = Debug|Any CPU
		{8462D1FE-AC2D-4CD5-8105-AE747BB0E56C}.Release|Any CPU.ActiveCfg = Release|Any CPU
		{8462D1FE-AC2D-4CD5-8105-AE747BB0E56C}.Release|Any CPU.Build.0 = Release|Any CPU
		{7A7E43F9-04BC-400B-8169-7F86035D1168}.Debug|Any CPU.ActiveCfg = Debug|Any CPU
		{7A7E43F9-04BC-400B-8169-7F86035D1168}.Debug|Any CPU.Build.0 = Debug|Any CPU
		{7A7E43F9-04BC-400B-8169-7F86035D1168}.Release|Any CPU.ActiveCfg = Release|Any CPU
		{7A7E43F9-04BC-400B-8169-7F86035D1168}.Release|Any CPU.Build.0 = Release|Any CPU
		{BD35F180-AA51-412C-97E2-A695C09D18F3}.Debug|Any CPU.ActiveCfg = Debug|Any CPU
		{BD35F180-AA51-412C-97E2-A695C09D18F3}.Debug|Any CPU.Build.0 = Debug|Any CPU
		{BD35F180-AA51-412C-97E2-A695C09D18F3}.Release|Any CPU.ActiveCfg = Release|Any CPU
		{BD35F180-AA51-412C-97E2-A695C09D18F3}.Release|Any CPU.Build.0 = Release|Any CPU
		{0F6EFFA5-9193-49F1-B8D7-0AE71DE76923}.Debug|Any CPU.ActiveCfg = Debug|Any CPU
		{0F6EFFA5-9193-49F1-B8D7-0AE71DE76923}.Debug|Any CPU.Build.0 = Debug|Any CPU
		{0F6EFFA5-9193-49F1-B8D7-0AE71DE76923}.Debug|Any CPU.Deploy.0 = Debug|Any CPU
		{0F6EFFA5-9193-49F1-B8D7-0AE71DE76923}.Release|Any CPU.ActiveCfg = Release|Any CPU
		{0F6EFFA5-9193-49F1-B8D7-0AE71DE76923}.Release|Any CPU.Build.0 = Release|Any CPU
		{0F6EFFA5-9193-49F1-B8D7-0AE71DE76923}.Release|Any CPU.Deploy.0 = Release|Any CPU
		{CBD3B7CA-8E1C-4817-8FB9-341054D84862}.Debug|Any CPU.ActiveCfg = Debug|Any CPU
		{CBD3B7CA-8E1C-4817-8FB9-341054D84862}.Debug|Any CPU.Build.0 = Debug|Any CPU
		{CBD3B7CA-8E1C-4817-8FB9-341054D84862}.Release|Any CPU.ActiveCfg = Release|Any CPU
		{CBD3B7CA-8E1C-4817-8FB9-341054D84862}.Release|Any CPU.Build.0 = Release|Any CPU
		{E5C64271-B485-4ED9-ADE7-85830B06043D}.Debug|Any CPU.ActiveCfg = Debug|Any CPU
		{E5C64271-B485-4ED9-ADE7-85830B06043D}.Debug|Any CPU.Build.0 = Debug|Any CPU
		{E5C64271-B485-4ED9-ADE7-85830B06043D}.Release|Any CPU.ActiveCfg = Release|Any CPU
		{E5C64271-B485-4ED9-ADE7-85830B06043D}.Release|Any CPU.Build.0 = Release|Any CPU
	EndGlobalSection
	GlobalSection(SolutionProperties) = preSolution
		HideSolutionNode = FALSE
	EndGlobalSection
	GlobalSection(NestedProjects) = preSolution
		{AF19A4A5-9EC8-4675-8C57-31146ACC7B99} = {7E54F44D-E624-40A1-BC0E-A94DD37B5AED}
		{1E6E7B2F-C016-4EC5-A1D5-DFFB4D2CA5D5} = {7E54F44D-E624-40A1-BC0E-A94DD37B5AED}
		{4A0C6C4D-F673-4982-9C06-C39B82EAF1FA} = {7E54F44D-E624-40A1-BC0E-A94DD37B5AED}
		{503827C9-D034-45D1-94FA-DD02D0347020} = {A245ED2C-CE38-45CB-BBE4-838666122419}
		{9A9B1A04-45C4-46FB-B845-837814897366} = {A245ED2C-CE38-45CB-BBE4-838666122419}
		{555ED67C-BEC4-4B23-8A2A-C5414E2E168D} = {D2112423-DACC-4B24-8DAE-6039EA10950C}
		{6ECF70F5-FE99-4F43-9BD7-DF1D2F157875} = {F8AA1500-AF95-4D4F-9B70-E768614CCA49}
		{6011634C-ED27-4F6A-A585-704FD6DF0E4F} = {D2112423-DACC-4B24-8DAE-6039EA10950C}
		{73C0CC86-F938-4E9E-9D0A-9C166BA32CD6} = {AC06ADE8-E20E-4162-A9EA-9CE93C074CBA}
		{BCAA3170-2B06-4521-84E6-B7B81F0D3F40} = {AC06ADE8-E20E-4162-A9EA-9CE93C074CBA}
		{8462D1FE-AC2D-4CD5-8105-AE747BB0E56C} = {F8AA1500-AF95-4D4F-9B70-E768614CCA49}
		{7A7E43F9-04BC-400B-8169-7F86035D1168} = {F8AA1500-AF95-4D4F-9B70-E768614CCA49}
		{BD35F180-AA51-412C-97E2-A695C09D18F3} = {F8AA1500-AF95-4D4F-9B70-E768614CCA49}
		{0F6EFFA5-9193-49F1-B8D7-0AE71DE76923} = {F8AA1500-AF95-4D4F-9B70-E768614CCA49}
		{CBD3B7CA-8E1C-4817-8FB9-341054D84862} = {AC06ADE8-E20E-4162-A9EA-9CE93C074CBA}
		{E5C64271-B485-4ED9-ADE7-85830B06043D} = {AC06ADE8-E20E-4162-A9EA-9CE93C074CBA}
	EndGlobalSection
	GlobalSection(ExtensibilityGlobals) = postSolution
		SolutionGuid = {499A8260-2391-4815-A438-2CD5887A27CC}
	EndGlobalSection
EndGlobal
